
Microsoft Visual Studio Solution File, Format Version 12.00
# Visual Studio 15
VisualStudioVersion = 15.0.27130.2027
MinimumVisualStudioVersion = 10.0.40219.1
Project("{FAE04EC0-301F-11D3-BF4B-00C04F79EFBC}") = "Server", "Source\Server\Server.csproj", "{07707C48-C41C-0620-2202-1DE28844CEDA}"
EndProject
Project("{FAE04EC0-301F-11D3-BF4B-00C04F79EFBC}") = "Editors", "Source\Editors\Editors.csproj", "{332AA7A4-686D-4808-BA75-55D705118314}"
EndProject
Project("{FAE04EC0-301F-11D3-BF4B-00C04F79EFBC}") = "Client", "Source\Client\Client.csproj", "{531B337C-BC02-44ED-90C2-C448FE5190A2}"
EndProject
Global
	GlobalSection(SolutionConfigurationPlatforms) = preSolution
		Debug|Any CPU = Debug|Any CPU
		Release|Any CPU = Release|Any CPU
	EndGlobalSection
	GlobalSection(ProjectConfigurationPlatforms) = postSolution
		{07707C48-C41C-0620-2202-1DE28844CEDA}.Debug|Any CPU.ActiveCfg = Debug|Any CPU
		{07707C48-C41C-0620-2202-1DE28844CEDA}.Debug|Any CPU.Build.0 = Debug|Any CPU
		{07707C48-C41C-0620-2202-1DE28844CEDA}.Release|Any CPU.ActiveCfg = Release|Any CPU
		{07707C48-C41C-0620-2202-1DE28844CEDA}.Release|Any CPU.Build.0 = Release|Any CPU
		{332AA7A4-686D-4808-BA75-55D705118314}.Debug|Any CPU.ActiveCfg = Debug|Any CPU
		{332AA7A4-686D-4808-BA75-55D705118314}.Debug|Any CPU.Build.0 = Debug|Any CPU
		{332AA7A4-686D-4808-BA75-55D705118314}.Release|Any CPU.ActiveCfg = Release|Any CPU
		{332AA7A4-686D-4808-BA75-55D705118314}.Release|Any CPU.Build.0 = Release|Any CPU
		{531B337C-BC02-44ED-90C2-C448FE5190A2}.Debug|Any CPU.ActiveCfg = Debug|Any CPU
		{531B337C-BC02-44ED-90C2-C448FE5190A2}.Debug|Any CPU.Build.0 = Debug|Any CPU
		{531B337C-BC02-44ED-90C2-C448FE5190A2}.Release|Any CPU.ActiveCfg = Release|Any CPU
		{531B337C-BC02-44ED-90C2-C448FE5190A2}.Release|Any CPU.Build.0 = Release|Any CPU
	EndGlobalSection
	GlobalSection(SolutionProperties) = preSolution
		HideSolutionNode = FALSE
	EndGlobalSection
	GlobalSection(ExtensibilityGlobals) = postSolution
		SolutionGuid = {81068886-B6EA-4538-A59C-BC678FE0DEAB}
	EndGlobalSection
EndGlobal
